
Microsoft Visual Studio Solution File, Format Version 12.00
# Visual Studio Version 16
VisualStudioVersion = 16.0.32413.511
MinimumVisualStudioVersion = 10.0.40219.1
Project("{FAE04EC0-301F-11D3-BF4B-00C04F79EFBC}") = "MotusPhysics.Core", "MotusPhysics.Core\MotusPhysics.Core.csproj", "{819BD544-6DFC-4D4E-8EB7-70E889FEA7DB}"
EndProject
Project("{FAE04EC0-301F-11D3-BF4B-00C04F79EFBC}") = "MotusPhysics.Core.Testing", "MotusPhysics.Core.Testing\MotusPhysics.Core.Testing.csproj", "{885A9CFD-AF7D-40DC-886A-E0C11A393DE9}"
EndProject
Project("{FAE04EC0-301F-11D3-BF4B-00C04F79EFBC}") = "MotusPhysics.Raycasting", "MotusPhysics.Raycasting\MotusPhysics.Raycasting.csproj", "{37E126B5-0E45-4A2C-9024-F0C64DDCFBE7}"
EndProject
Project("{FAE04EC0-301F-11D3-BF4B-00C04F79EFBC}") = "MotusPhysics.Visualizer", "MotusPhysics.Visualizer\MotusPhysics.Visualizer.csproj", "{A2E69353-B006-43A0-834E-18BA1587BA02}"
EndProject
Project("{FAE04EC0-301F-11D3-BF4B-00C04F79EFBC}") = "TestRunner", "TestRunner\TestRunner.csproj", "{9746CC52-9292-46A1-9EC4-BFDA23BD9D38}"
EndProject
Global
	GlobalSection(SolutionConfigurationPlatforms) = preSolution
		Debug|Any CPU = Debug|Any CPU
		Release|Any CPU = Release|Any CPU
	EndGlobalSection
	GlobalSection(ProjectConfigurationPlatforms) = postSolution
		{819BD544-6DFC-4D4E-8EB7-70E889FEA7DB}.Debug|Any CPU.ActiveCfg = Debug|Any CPU
		{819BD544-6DFC-4D4E-8EB7-70E889FEA7DB}.Debug|Any CPU.Build.0 = Debug|Any CPU
		{819BD544-6DFC-4D4E-8EB7-70E889FEA7DB}.Release|Any CPU.ActiveCfg = Release|Any CPU
		{819BD544-6DFC-4D4E-8EB7-70E889FEA7DB}.Release|Any CPU.Build.0 = Release|Any CPU
		{885A9CFD-AF7D-40DC-886A-E0C11A393DE9}.Debug|Any CPU.ActiveCfg = Debug|Any CPU
		{885A9CFD-AF7D-40DC-886A-E0C11A393DE9}.Debug|Any CPU.Build.0 = Debug|Any CPU
		{885A9CFD-AF7D-40DC-886A-E0C11A393DE9}.Release|Any CPU.ActiveCfg = Release|Any CPU
		{885A9CFD-AF7D-40DC-886A-E0C11A393DE9}.Release|Any CPU.Build.0 = Release|Any CPU
		{37E126B5-0E45-4A2C-9024-F0C64DDCFBE7}.Debug|Any CPU.ActiveCfg = Debug|Any CPU
		{37E126B5-0E45-4A2C-9024-F0C64DDCFBE7}.Debug|Any CPU.Build.0 = Debug|Any CPU
		{37E126B5-0E45-4A2C-9024-F0C64DDCFBE7}.Release|Any CPU.ActiveCfg = Release|Any CPU
		{37E126B5-0E45-4A2C-9024-F0C64DDCFBE7}.Release|Any CPU.Build.0 = Release|Any CPU
		{A2E69353-B006-43A0-834E-18BA1587BA02}.Debug|Any CPU.ActiveCfg = Debug|Any CPU
		{A2E69353-B006-43A0-834E-18BA1587BA02}.Debug|Any CPU.Build.0 = Debug|Any CPU
		{A2E69353-B006-43A0-834E-18BA1587BA02}.Release|Any CPU.ActiveCfg = Release|Any CPU
		{A2E69353-B006-43A0-834E-18BA1587BA02}.Release|Any CPU.Build.0 = Release|Any CPU
		{9746CC52-9292-46A1-9EC4-BFDA23BD9D38}.Debug|Any CPU.ActiveCfg = Debug|Any CPU
		{9746CC52-9292-46A1-9EC4-BFDA23BD9D38}.Debug|Any CPU.Build.0 = Debug|Any CPU
		{9746CC52-9292-46A1-9EC4-BFDA23BD9D38}.Release|Any CPU.ActiveCfg = Release|Any CPU
		{9746CC52-9292-46A1-9EC4-BFDA23BD9D38}.Release|Any CPU.Build.0 = Release|Any CPU
	EndGlobalSection
	GlobalSection(SolutionProperties) = preSolution
		HideSolutionNode = FALSE
	EndGlobalSection
	GlobalSection(ExtensibilityGlobals) = postSolution
		SolutionGuid = {51C061F7-A08C-4F2F-B0FD-B8BEBBED1372}
	EndGlobalSection
EndGlobal
